
Microsoft Visual Studio Solution File, Format Version 12.00
# Visual Studio 15
VisualStudioVersion = 15.0.28307.329
MinimumVisualStudioVersion = 10.0.40219.1
Project("{FAE04EC0-301F-11D3-BF4B-00C04F79EFBC}") = "lab_01_test", "lab_01_test\lab_01_test.csproj", "{6A9FB1E9-4F82-46CA-AD78-FA5FF2EC3C8E}"
EndProject
Project("{FAE04EC0-301F-11D3-BF4B-00C04F79EFBC}") = "lab_02", "lab_02\lab_02.csproj", "{9AF8589D-77E3-4251-9588-72B6EA2C9299}"
EndProject
Project("{FAE04EC0-301F-11D3-BF4B-00C04F79EFBC}") = "lab_03_oop", "lab_03_oop\lab_03_oop.csproj", "{A955AD17-D44A-424B-98EB-37C409DF44FC}"
EndProject
Project("{FAE04EC0-301F-11D3-BF4B-00C04F79EFBC}") = "lab_04_arrays", "lab_04_arrays\lab_04_arrays.csproj", "{9D9A8DFD-9C35-442D-A0C6-88EB44C3A11C}"
EndProject
Project("{FAE04EC0-301F-11D3-BF4B-00C04F79EFBC}") = "lab_04_arrays_test", "lab_04_arrays_test\lab_04_arrays_test.csproj", "{85D3D325-1A28-4E77-B62C-C639F4DB6F35}"
EndProject
Project("{FAE04EC0-301F-11D3-BF4B-00C04F79EFBC}") = "lab_06_WPF_game", "lab_06_WPF_game\lab_06_WPF_game.csproj", "{7795DF8F-1AC2-4462-95F0-1EF9B5155B3C}"
EndProject
Project("{FAE04EC0-301F-11D3-BF4B-00C04F79EFBC}") = "lab_07_files", "lab_07_files\lab_07_files.csproj", "{FDEF18AC-F732-485A-89E1-DB23290D2DBE}"
EndProject
Project("{FAE04EC0-301F-11D3-BF4B-00C04F79EFBC}") = "lab_08_files", "lab_08_files\lab_08_files.csproj", "{6AB896D6-800D-4A36-A80F-7A10C5FFB694}"
EndProject
Project("{FAE04EC0-301F-11D3-BF4B-00C04F79EFBC}") = "lab_104_array_list_queue_stack_dict_01", "lab_104_array_list_queue_stack_dict_01\lab_104_array_list_queue_stack_dict_01.csproj", "{A3E0FA16-D657-4FD6-B00D-1D0DFE27B784}"
EndProject
Project("{FAE04EC0-301F-11D3-BF4B-00C04F79EFBC}") = "lab_09_xml", "lab_09_xml\lab_09_xml.csproj", "{9CCD6294-747C-466D-8F91-651E8DC9B2F1}"
EndProject
Project("{FAE04EC0-301F-11D3-BF4B-00C04F79EFBC}") = "lab_101__speedTyping_01", "lab_101__speedTyping_01\lab_101__speedTyping_01.csproj", "{30B831F9-3C89-4E14-AE4E-92AD292C9581}"
EndProject
Project("{FAE04EC0-301F-11D3-BF4B-00C04F79EFBC}") = "lab_102_speedTyping_gui_01", "lab_102_speedTyping_gui_01\lab_102_speedTyping_gui_01.csproj", "{83D4C946-445D-47E0-AAD4-6E376017E815}"
EndProject
Project("{FAE04EC0-301F-11D3-BF4B-00C04F79EFBC}") = "lab_103_randomPerson_01", "lab_103_randomPerson_01\lab_103_randomPerson_01.csproj", "{A016E6C9-64AE-49B2-A3B6-B6F55BEE5D46}"
EndProject
Project("{FAE04EC0-301F-11D3-BF4B-00C04F79EFBC}") = "lab_105_game_name_and_score_01", "lab_105_game_name_and_score_01\lab_105_game_name_and_score_01.csproj", "{A151D4B7-6847-45B9-ABFE-2B581CAB0242}"
EndProject
Project("{FAE04EC0-301F-11D3-BF4B-00C04F79EFBC}") = "lab_106_game_increase_score_01", "lab_106_game_increase_score_01\lab_106_game_increase_score_01.csproj", "{C060BCE6-1675-4653-9EDC-CF026D4B6615}"
EndProject
Project("{FAE04EC0-301F-11D3-BF4B-00C04F79EFBC}") = "lab_107_list_folders_01", "lab_107_list_folders_01\lab_107_list_folders_01.csproj", "{AF8A2B42-6122-40CF-95D0-B053299F898B}"
EndProject
Project("{FAE04EC0-301F-11D3-BF4B-00C04F79EFBC}") = "lab_108_list_files_and_folders_01", "lab_108_list_files_and_folders_01\lab_108_list_files_and_folders_01.csproj", "{F6457535-B6E7-4C85-8169-851CD425DEFE}"
EndProject
Project("{FAE04EC0-301F-11D3-BF4B-00C04F79EFBC}") = "lab_109_new_file_with_content_01", "lab_109_new_file_with_content_01\lab_109_new_file_with_content_01.csproj", "{80839342-40DC-4DA4-BB1B-062002C12805}"
EndProject
Project("{FAE04EC0-301F-11D3-BF4B-00C04F79EFBC}") = "lab_10_entity", "lab_10_entity\lab_10_entity.csproj", "{08F57E58-E685-43EB-AC93-B6C416197C57}"
EndProject
Project("{FAE04EC0-301F-11D3-BF4B-00C04F79EFBC}") = "lab_112_collections", "lab_112_collections\lab_112_collections.csproj", "{3DEB6328-0D45-42DD-A6BE-5F3A44F4B8A5}"
EndProject
Project("{FAE04EC0-301F-11D3-BF4B-00C04F79EFBC}") = "labs_test", "labs_test\labs_test.csproj", "{7616E173-318B-4A7A-8DCF-55DA79A8956D}"
EndProject
Project("{FAE04EC0-301F-11D3-BF4B-00C04F79EFBC}") = "lab_11_Entity_GUI2", "lab_11_Entity_GUI2\lab_11_Entity_GUI2.csproj", "{53440403-2D08-4E90-8C0E-77EAEB3762D3}"
EndProject
Project("{FAE04EC0-301F-11D3-BF4B-00C04F79EFBC}") = "lab_12_oop_revision", "lab_12_oop_revision\lab_12_oop_revision.csproj", "{2526F0A8-CF18-467F-A9EE-187B6665E037}"
EndProject
Project("{FAE04EC0-301F-11D3-BF4B-00C04F79EFBC}") = "lab_13_polymorphism", "lab_13_polymorphism\lab_13_polymorphism.csproj", "{951D3BE1-15B1-4381-A008-975C35A95A31}"
EndProject
Project("{FAE04EC0-301F-11D3-BF4B-00C04F79EFBC}") = "lab_113_arraylist", "lab_113_arraylist\lab_113_arraylist.csproj", "{CF7CF26E-103A-4B0B-B464-CA116B89E02B}"
EndProject
Project("{FAE04EC0-301F-11D3-BF4B-00C04F79EFBC}") = "lab_14_anotherOOP", "lab_14_anotherOOP\lab_14_anotherOOP.csproj", "{C3541DD2-0FAB-43E4-B483-64AEF7024E41}"
EndProject
Project("{FAE04EC0-301F-11D3-BF4B-00C04F79EFBC}") = "lab_114", "lab_114\lab_114.csproj", "{B3808DDE-8B29-429B-926A-6B0573FDC778}"
EndProject
Project("{FAE04EC0-301F-11D3-BF4B-00C04F79EFBC}") = "lab_115_nw_entity_with_OOP", "lab_115_nw_entity_with_OOP\lab_115_nw_entity_with_OOP.csproj", "{38D634FA-5D28-42EC-8487-22E954605159}"
EndProject
Project("{FAE04EC0-301F-11D3-BF4B-00C04F79EFBC}") = "lab_15_panels", "lab_15_panels\lab_15_panels.csproj", "{B6A687D5-7ACF-4986-84C1-7AD05BB34AE6}"
EndProject
Project("{FAE04EC0-301F-11D3-BF4B-00C04F79EFBC}") = "lab_117_entity_tab", "lab_117_entity_tab\lab_117_entity_tab.csproj", "{44963217-1FEA-43EE-A00A-CDC8C3D15C13}"
EndProject
Project("{FAE04EC0-301F-11D3-BF4B-00C04F79EFBC}") = "lab_16_NUnit_XUnit_tests", "lab_16_NUnit_XUnit_tests\lab_16_NUnit_XUnit_tests.csproj", "{7A9F68FC-27C8-4E79-A814-8942A1B12076}"
EndProject
Project("{9A19103F-16F7-4668-BE54-9A1E7A4F7556}") = "lab_16_MSTest", "lab_16_MSTest\lab_16_MSTest.csproj", "{398A69BF-AE39-47A4-83D1-A7660D82B27D}"
EndProject
Project("{9A19103F-16F7-4668-BE54-9A1E7A4F7556}") = "lab_16_NUnit_test", "lab_16_NUnit_test\lab_16_NUnit_test.csproj", "{E40C72DE-4263-4F1A-8F8B-0A448928682A}"
EndProject
Project("{9A19103F-16F7-4668-BE54-9A1E7A4F7556}") = "lab_16_XUnit_test", "lab_16_XUnit_test\lab_16_XUnit_test.csproj", "{21D26B80-1E24-469D-968F-D132CC85D5B3}"
EndProject
Project("{FAE04EC0-301F-11D3-BF4B-00C04F79EFBC}") = "lab_17_debug", "lab_17_debug\lab_17_debug.csproj", "{95209263-80F7-4513-97B5-8D74EB6168DF}"
EndProject
Project("{FAE04EC0-301F-11D3-BF4B-00C04F79EFBC}") = "lab_18_streaming_reader", "lab_18_streaming\lab_18_streaming_reader.csproj", "{F3B0A73E-9C6F-4978-A22E-5822C63E9698}"
EndProject
Project("{FAE04EC0-301F-11D3-BF4B-00C04F79EFBC}") = "lab_19_streaming_async", "lab_19_streaming_writer\lab_19_streaming_async.csproj", "{0A15CAD8-0215-4606-BF8A-92468E4C1487}"
EndProject
Project("{FAE04EC0-301F-11D3-BF4B-00C04F79EFBC}") = "lab_20_stream_writer", "lab_20_stream_writer\lab_20_stream_writer.csproj", "{5109B398-9683-41C1-A6FC-888C7784203D}"
EndProject
Project("{FAE04EC0-301F-11D3-BF4B-00C04F79EFBC}") = "lab_21_push_data_to_memory", "lab_21_push_data_to_memory\lab_21_push_data_to_memory.csproj", "{24C34642-B808-4C21-84F1-AEE44BFCC42A}"
EndProject
Project("{FAE04EC0-301F-11D3-BF4B-00C04F79EFBC}") = "lab_22_http_get_async", "lab_22_http_get_async\lab_22_http_get_async.csproj", "{4086E053-A162-4C9C-A2C9-BF5449A3D5DC}"
EndProject
Project("{FAE04EC0-301F-11D3-BF4B-00C04F79EFBC}") = "lab_25_checked_unchecked", "lab_25_checked_unchecked\lab_25_checked_unchecked.csproj", "{1E45C629-F947-42F9-B7A6-DCDF482EFD2D}"
EndProject
Project("{FAE04EC0-301F-11D3-BF4B-00C04F79EFBC}") = "lab_118_array_of_tests", "lab_118_array_of_tests\lab_118_array_of_tests.csproj", "{8431E6CA-C97D-41BB-9A81-6041E7EE5A48}"
EndProject
Project("{9A19103F-16F7-4668-BE54-9A1E7A4F7556}") = "lab_118_task_array_tests", "lab_118_task_array_tests\lab_118_task_array_tests.csproj", "{7E4B57A8-EDE0-4CC4-9F78-1DB3599B459C}"
EndProject
Project("{9A19103F-16F7-4668-BE54-9A1E7A4F7556}") = "lab_26_DotNetCore_northwind", "lab_26_DotNetCore_northwind\lab_26_DotNetCore_northwind.csproj", "{9B282040-2429-44E3-911D-6179E478DF60}"
EndProject
Project("{FAE04EC0-301F-11D3-BF4B-00C04F79EFBC}") = "lab_27_hello_world_website", "lab_27_hello_world_website\lab_27_hello_world_website.csproj", "{0DF5FB20-FA53-4129-B04F-EA197F20C16D}"
EndProject
Project("{FAE04EC0-301F-11D3-BF4B-00C04F79EFBC}") = "northwind_update_contact", "northwind_update_contact\northwind_update_contact.csproj", "{BFD5AB4C-9092-4CFF-BC0C-F1AF8EE70AA9}"
EndProject
Project("{FAE04EC0-301F-11D3-BF4B-00C04F79EFBC}") = "lab_121_hash_set_to_excel", "lab_121_hash_set_to_excel\lab_121_hash_set_to_excel.csproj", "{0B3CC4B2-D21C-4284-9410-1CFBECF86A76}"
EndProject
Project("{9A19103F-16F7-4668-BE54-9A1E7A4F7556}") = "lab_121_hashset_excel_test", "lab_121_hashset_excel_test\lab_121_hashset_excel_test.csproj", "{EE64B658-4DEB-4213-8E1F-85BC8408E250}"
EndProject
Project("{FAE04EC0-301F-11D3-BF4B-00C04F79EFBC}") = "lab_28_northwind_website", "lab_28_northwind_website\lab_28_northwind_website.csproj", "{9A3E760C-881F-4063-AAA7-C3D4147B4DEA}"
EndProject
Project("{FAE04EC0-301F-11D3-BF4B-00C04F79EFBC}") = "lab_29_ASP_dot_net_API", "lab_29_ASP_dot_net_API\lab_29_ASP_dot_net_API.csproj", "{3C134D64-655A-4A3F-8927-5297C888B429}"
EndProject
Project("{9A19103F-16F7-4668-BE54-9A1E7A4F7556}") = "lab_30_northwind_to_xml", "lab_30_northwind_to_xml\lab_30_northwind_to_xml.csproj", "{41CA5B5C-9A49-4A17-9E85-710C74645C7A}"
EndProject
Project("{FAE04EC0-301F-11D3-BF4B-00C04F79EFBC}") = "lab_121_2nd_attempt", "lab_121_2nd_attempt\lab_121_2nd_attempt.csproj", "{DDAF1FB4-D085-4252-894F-CB4F7CF3BABD}"
EndProject
Project("{FAE04EC0-301F-11D3-BF4B-00C04F79EFBC}") = "lab_31_struct", "lab_31_struct\lab_31_struct.csproj", "{9B41C6ED-F1B9-46AD-987D-FC30FFAF18B5}"
EndProject
Project("{9A19103F-16F7-4668-BE54-9A1E7A4F7556}") = "lab_32_entity_code_first", "lab_32_entity_code_first\lab_32_entity_code_first.csproj", "{5C0FB4CC-720B-4440-9BE3-5C4020EF4AFE}"
EndProject
Project("{FAE04EC0-301F-11D3-BF4B-00C04F79EFBC}") = "lab_32_entity_code_first_NOT_CORE", "lab_32_entity_code_first_NOT_CORE\lab_32_entity_code_first_NOT_CORE.csproj", "{DD6D31B9-1C86-4C56-8437-A49FCC80826D}"
EndProject
Project("{FAE04EC0-301F-11D3-BF4B-00C04F79EFBC}") = "lab_119_connect_to_azure_db", "lab_33_connect_to_azure_db\lab_119_connect_to_azure_db.csproj", "{1A1D2887-5B2D-4AD5-9FB7-ED68D6752306}"
EndProject
Project("{FAE04EC0-301F-11D3-BF4B-00C04F79EFBC}") = "lab_120_wpf_database_app", "lab_34_wpf_database_app\lab_120_wpf_database_app.csproj", "{1589800B-4EDC-46A2-8A89-EB1B8AD3C78C}"
EndProject
Project("{FAE04EC0-301F-11D3-BF4B-00C04F79EFBC}") = "lab_33_trivial_event", "lab_33_trivial_event\lab_33_trivial_event.csproj", "{0C0D90AD-D545-4865-842C-CB8598110060}"
EndProject
Project("{9A19103F-16F7-4668-BE54-9A1E7A4F7556}") = "lab_34_Website_Core", "lab_34_Website_Core\lab_34_Website_Core.csproj", "{10D389E0-7412-4B8F-ADD9-EC3101A4A391}"
EndProject
Project("{FAE04EC0-301F-11D3-BF4B-00C04F79EFBC}") = "ASP_Core_Entity_06_SQLite", "ASP_Core_Entity_06_SQLite\ASP_Core_Entity_06_SQLite.csproj", "{D581767C-CD3E-4BCD-8924-7C6906246E20}"
EndProject
Project("{9A19103F-16F7-4668-BE54-9A1E7A4F7556}") = "lab_122_basic_core_website_entity", "lab_122_basic_core_website_entity\lab_122_basic_core_website_entity.csproj", "{59954FC4-27D1-43D0-8E35-F20B1EC81608}"
EndProject
Project("{9A19103F-16F7-4668-BE54-9A1E7A4F7556}") = "lab_35_asp_core_entity_web", "lab_35_asp_core_entity_web\lab_35_asp_core_entity_web.csproj", "{04E86DC4-7D11-479B-9591-E0521D641ECF}"
EndProject
Project("{9A19103F-16F7-4668-BE54-9A1E7A4F7556}") = "webstite_crud_project", "webstite_crud_project\webstite_crud_project.csproj", "{6B14FABB-1301-4D29-B6E1-59A35F432858}"
EndProject
Project("{9A19103F-16F7-4668-BE54-9A1E7A4F7556}") = "lab_123_crud_website", "lab_123_crud_website\lab_123_crud_website.csproj", "{E52F1B66-7727-4F7F-9C3D-3DC61C043049}"
EndProject
Project("{9A19103F-16F7-4668-BE54-9A1E7A4F7556}") = "lab_123_crud_02", "lab_123_crud_02\lab_123_crud_02.csproj", "{CD07D119-F847-4DAC-B2A7-A3DB379954C6}"
EndProject
Project("{9A19103F-16F7-4668-BE54-9A1E7A4F7556}") = "lab_123_crud_api", "lab_123_crud_03\lab_123_crud_api.csproj", "{3D4FC4D8-2EEB-477D-8D67-8DB6932B2AD7}"
EndProject
Project("{9A19103F-16F7-4668-BE54-9A1E7A4F7556}") = "lab_123_crud_04", "lab_123_crud_04\lab_123_crud_04.csproj", "{DCF64D3A-397A-4948-AD28-6208630EEF3C}"
EndProject
Project("{9A19103F-16F7-4668-BE54-9A1E7A4F7556}") = "lab_123_crud_05", "lab_123_crud_05\lab_123_crud_05.csproj", "{DDFF24D4-1ED8-4F78-AEE2-2D5AD00B9723}"
EndProject
Project("{9A19103F-16F7-4668-BE54-9A1E7A4F7556}") = "lab_123_crud_06_paused", "lab_123_crud_06\lab_123_crud_06_paused.csproj", "{5076B649-2ADB-4401-A3A8-DEA6F2CA2C3D}"
EndProject
Project("{9A19103F-16F7-4668-BE54-9A1E7A4F7556}") = "lab_123_crud_07_paused", "lab_123_crud_07\lab_123_crud_07_paused.csproj", "{97C80ADE-70B3-451D-819F-F0334BD442BB}"
EndProject
Project("{9A19103F-16F7-4668-BE54-9A1E7A4F7556}") = "lab_124_connect_to_azure", "lab_124_connect_to_azure\lab_124_connect_to_azure.csproj", "{8304D38B-F4AD-4A13-AFD5-31B7838E3390}"
EndProject
Project("{FAE04EC0-301F-11D3-BF4B-00C04F79EFBC}") = "Northwind_app", "Northwind_app\Northwind_app.csproj", "{943E378C-3025-446A-8815-9AD8A2D8C786}"
EndProject
Project("{FAE04EC0-301F-11D3-BF4B-00C04F79EFBC}") = "ASP_Dot_Net_IIS", "ASP_Dot_Net_IIS\ASP_Dot_Net_IIS.csproj", "{13B8BE1A-D0E1-4F8C-A393-A1874096CD0C}"
EndProject
Project("{FAE04EC0-301F-11D3-BF4B-00C04F79EFBC}") = "ASP_IIS", "ASP_IIS\ASP_IIS.csproj", "{C39D0913-DA96-477F-88F9-E5CDF9ACEF20}"
EndProject
Project("{FAE04EC0-301F-11D3-BF4B-00C04F79EFBC}") = "ASP_Controllers", "ASP_Controllers\ASP_Controllers.csproj", "{EE5FBF4F-C35F-47FA-B78A-68D7BB07BC65}"
EndProject
Project("{FAE04EC0-301F-11D3-BF4B-00C04F79EFBC}") = "test_asp", "test_asp\test_asp.csproj", "{7853BDF0-8BAB-4EC9-89A5-1C4C5CC1B0CA}"
EndProject
Global
	GlobalSection(SolutionConfigurationPlatforms) = preSolution
		Debug|Any CPU = Debug|Any CPU
		Release|Any CPU = Release|Any CPU
	EndGlobalSection
	GlobalSection(ProjectConfigurationPlatforms) = postSolution
		{6A9FB1E9-4F82-46CA-AD78-FA5FF2EC3C8E}.Debug|Any CPU.ActiveCfg = Debug|Any CPU
		{6A9FB1E9-4F82-46CA-AD78-FA5FF2EC3C8E}.Debug|Any CPU.Build.0 = Debug|Any CPU
		{6A9FB1E9-4F82-46CA-AD78-FA5FF2EC3C8E}.Release|Any CPU.ActiveCfg = Release|Any CPU
		{6A9FB1E9-4F82-46CA-AD78-FA5FF2EC3C8E}.Release|Any CPU.Build.0 = Release|Any CPU
		{9AF8589D-77E3-4251-9588-72B6EA2C9299}.Debug|Any CPU.ActiveCfg = Debug|Any CPU
		{9AF8589D-77E3-4251-9588-72B6EA2C9299}.Debug|Any CPU.Build.0 = Debug|Any CPU
		{9AF8589D-77E3-4251-9588-72B6EA2C9299}.Release|Any CPU.ActiveCfg = Release|Any CPU
		{9AF8589D-77E3-4251-9588-72B6EA2C9299}.Release|Any CPU.Build.0 = Release|Any CPU
		{A955AD17-D44A-424B-98EB-37C409DF44FC}.Debug|Any CPU.ActiveCfg = Debug|Any CPU
		{A955AD17-D44A-424B-98EB-37C409DF44FC}.Debug|Any CPU.Build.0 = Debug|Any CPU
		{A955AD17-D44A-424B-98EB-37C409DF44FC}.Release|Any CPU.ActiveCfg = Release|Any CPU
		{A955AD17-D44A-424B-98EB-37C409DF44FC}.Release|Any CPU.Build.0 = Release|Any CPU
		{9D9A8DFD-9C35-442D-A0C6-88EB44C3A11C}.Debug|Any CPU.ActiveCfg = Debug|Any CPU
		{9D9A8DFD-9C35-442D-A0C6-88EB44C3A11C}.Debug|Any CPU.Build.0 = Debug|Any CPU
		{9D9A8DFD-9C35-442D-A0C6-88EB44C3A11C}.Release|Any CPU.ActiveCfg = Release|Any CPU
		{9D9A8DFD-9C35-442D-A0C6-88EB44C3A11C}.Release|Any CPU.Build.0 = Release|Any CPU
		{85D3D325-1A28-4E77-B62C-C639F4DB6F35}.Debug|Any CPU.ActiveCfg = Debug|Any CPU
		{85D3D325-1A28-4E77-B62C-C639F4DB6F35}.Debug|Any CPU.Build.0 = Debug|Any CPU
		{85D3D325-1A28-4E77-B62C-C639F4DB6F35}.Release|Any CPU.ActiveCfg = Release|Any CPU
		{85D3D325-1A28-4E77-B62C-C639F4DB6F35}.Release|Any CPU.Build.0 = Release|Any CPU
		{7795DF8F-1AC2-4462-95F0-1EF9B5155B3C}.Debug|Any CPU.ActiveCfg = Debug|Any CPU
		{7795DF8F-1AC2-4462-95F0-1EF9B5155B3C}.Debug|Any CPU.Build.0 = Debug|Any CPU
		{7795DF8F-1AC2-4462-95F0-1EF9B5155B3C}.Release|Any CPU.ActiveCfg = Release|Any CPU
		{7795DF8F-1AC2-4462-95F0-1EF9B5155B3C}.Release|Any CPU.Build.0 = Release|Any CPU
		{FDEF18AC-F732-485A-89E1-DB23290D2DBE}.Debug|Any CPU.ActiveCfg = Debug|Any CPU
		{FDEF18AC-F732-485A-89E1-DB23290D2DBE}.Debug|Any CPU.Build.0 = Debug|Any CPU
		{FDEF18AC-F732-485A-89E1-DB23290D2DBE}.Release|Any CPU.ActiveCfg = Release|Any CPU
		{FDEF18AC-F732-485A-89E1-DB23290D2DBE}.Release|Any CPU.Build.0 = Release|Any CPU
		{6AB896D6-800D-4A36-A80F-7A10C5FFB694}.Debug|Any CPU.ActiveCfg = Debug|Any CPU
		{6AB896D6-800D-4A36-A80F-7A10C5FFB694}.Debug|Any CPU.Build.0 = Debug|Any CPU
		{6AB896D6-800D-4A36-A80F-7A10C5FFB694}.Release|Any CPU.ActiveCfg = Release|Any CPU
		{6AB896D6-800D-4A36-A80F-7A10C5FFB694}.Release|Any CPU.Build.0 = Release|Any CPU
		{A3E0FA16-D657-4FD6-B00D-1D0DFE27B784}.Debug|Any CPU.ActiveCfg = Debug|Any CPU
		{A3E0FA16-D657-4FD6-B00D-1D0DFE27B784}.Debug|Any CPU.Build.0 = Debug|Any CPU
		{A3E0FA16-D657-4FD6-B00D-1D0DFE27B784}.Release|Any CPU.ActiveCfg = Release|Any CPU
		{A3E0FA16-D657-4FD6-B00D-1D0DFE27B784}.Release|Any CPU.Build.0 = Release|Any CPU
		{9CCD6294-747C-466D-8F91-651E8DC9B2F1}.Debug|Any CPU.ActiveCfg = Debug|Any CPU
		{9CCD6294-747C-466D-8F91-651E8DC9B2F1}.Debug|Any CPU.Build.0 = Debug|Any CPU
		{9CCD6294-747C-466D-8F91-651E8DC9B2F1}.Release|Any CPU.ActiveCfg = Release|Any CPU
		{9CCD6294-747C-466D-8F91-651E8DC9B2F1}.Release|Any CPU.Build.0 = Release|Any CPU
		{30B831F9-3C89-4E14-AE4E-92AD292C9581}.Debug|Any CPU.ActiveCfg = Debug|Any CPU
		{30B831F9-3C89-4E14-AE4E-92AD292C9581}.Debug|Any CPU.Build.0 = Debug|Any CPU
		{30B831F9-3C89-4E14-AE4E-92AD292C9581}.Release|Any CPU.ActiveCfg = Release|Any CPU
		{30B831F9-3C89-4E14-AE4E-92AD292C9581}.Release|Any CPU.Build.0 = Release|Any CPU
		{83D4C946-445D-47E0-AAD4-6E376017E815}.Debug|Any CPU.ActiveCfg = Debug|Any CPU
		{83D4C946-445D-47E0-AAD4-6E376017E815}.Debug|Any CPU.Build.0 = Debug|Any CPU
		{83D4C946-445D-47E0-AAD4-6E376017E815}.Release|Any CPU.ActiveCfg = Release|Any CPU
		{83D4C946-445D-47E0-AAD4-6E376017E815}.Release|Any CPU.Build.0 = Release|Any CPU
		{A016E6C9-64AE-49B2-A3B6-B6F55BEE5D46}.Debug|Any CPU.ActiveCfg = Debug|Any CPU
		{A016E6C9-64AE-49B2-A3B6-B6F55BEE5D46}.Debug|Any CPU.Build.0 = Debug|Any CPU
		{A016E6C9-64AE-49B2-A3B6-B6F55BEE5D46}.Release|Any CPU.ActiveCfg = Release|Any CPU
		{A016E6C9-64AE-49B2-A3B6-B6F55BEE5D46}.Release|Any CPU.Build.0 = Release|Any CPU
		{A151D4B7-6847-45B9-ABFE-2B581CAB0242}.Debug|Any CPU.ActiveCfg = Debug|Any CPU
		{A151D4B7-6847-45B9-ABFE-2B581CAB0242}.Debug|Any CPU.Build.0 = Debug|Any CPU
		{A151D4B7-6847-45B9-ABFE-2B581CAB0242}.Release|Any CPU.ActiveCfg = Release|Any CPU
		{A151D4B7-6847-45B9-ABFE-2B581CAB0242}.Release|Any CPU.Build.0 = Release|Any CPU
		{C060BCE6-1675-4653-9EDC-CF026D4B6615}.Debug|Any CPU.ActiveCfg = Debug|Any CPU
		{C060BCE6-1675-4653-9EDC-CF026D4B6615}.Debug|Any CPU.Build.0 = Debug|Any CPU
		{C060BCE6-1675-4653-9EDC-CF026D4B6615}.Release|Any CPU.ActiveCfg = Release|Any CPU
		{C060BCE6-1675-4653-9EDC-CF026D4B6615}.Release|Any CPU.Build.0 = Release|Any CPU
		{AF8A2B42-6122-40CF-95D0-B053299F898B}.Debug|Any CPU.ActiveCfg = Debug|Any CPU
		{AF8A2B42-6122-40CF-95D0-B053299F898B}.Debug|Any CPU.Build.0 = Debug|Any CPU
		{AF8A2B42-6122-40CF-95D0-B053299F898B}.Release|Any CPU.ActiveCfg = Release|Any CPU
		{AF8A2B42-6122-40CF-95D0-B053299F898B}.Release|Any CPU.Build.0 = Release|Any CPU
		{F6457535-B6E7-4C85-8169-851CD425DEFE}.Debug|Any CPU.ActiveCfg = Debug|Any CPU
		{F6457535-B6E7-4C85-8169-851CD425DEFE}.Debug|Any CPU.Build.0 = Debug|Any CPU
		{F6457535-B6E7-4C85-8169-851CD425DEFE}.Release|Any CPU.ActiveCfg = Release|Any CPU
		{F6457535-B6E7-4C85-8169-851CD425DEFE}.Release|Any CPU.Build.0 = Release|Any CPU
		{80839342-40DC-4DA4-BB1B-062002C12805}.Debug|Any CPU.ActiveCfg = Debug|Any CPU
		{80839342-40DC-4DA4-BB1B-062002C12805}.Debug|Any CPU.Build.0 = Debug|Any CPU
		{80839342-40DC-4DA4-BB1B-062002C12805}.Release|Any CPU.ActiveCfg = Release|Any CPU
		{80839342-40DC-4DA4-BB1B-062002C12805}.Release|Any CPU.Build.0 = Release|Any CPU
		{08F57E58-E685-43EB-AC93-B6C416197C57}.Debug|Any CPU.ActiveCfg = Debug|Any CPU
		{08F57E58-E685-43EB-AC93-B6C416197C57}.Debug|Any CPU.Build.0 = Debug|Any CPU
		{08F57E58-E685-43EB-AC93-B6C416197C57}.Release|Any CPU.ActiveCfg = Release|Any CPU
		{08F57E58-E685-43EB-AC93-B6C416197C57}.Release|Any CPU.Build.0 = Release|Any CPU
		{3DEB6328-0D45-42DD-A6BE-5F3A44F4B8A5}.Debug|Any CPU.ActiveCfg = Debug|Any CPU
		{3DEB6328-0D45-42DD-A6BE-5F3A44F4B8A5}.Debug|Any CPU.Build.0 = Debug|Any CPU
		{3DEB6328-0D45-42DD-A6BE-5F3A44F4B8A5}.Release|Any CPU.ActiveCfg = Release|Any CPU
		{3DEB6328-0D45-42DD-A6BE-5F3A44F4B8A5}.Release|Any CPU.Build.0 = Release|Any CPU
		{7616E173-318B-4A7A-8DCF-55DA79A8956D}.Debug|Any CPU.ActiveCfg = Debug|Any CPU
		{7616E173-318B-4A7A-8DCF-55DA79A8956D}.Debug|Any CPU.Build.0 = Debug|Any CPU
		{7616E173-318B-4A7A-8DCF-55DA79A8956D}.Release|Any CPU.ActiveCfg = Release|Any CPU
		{7616E173-318B-4A7A-8DCF-55DA79A8956D}.Release|Any CPU.Build.0 = Release|Any CPU
		{53440403-2D08-4E90-8C0E-77EAEB3762D3}.Debug|Any CPU.ActiveCfg = Debug|Any CPU
		{53440403-2D08-4E90-8C0E-77EAEB3762D3}.Debug|Any CPU.Build.0 = Debug|Any CPU
		{53440403-2D08-4E90-8C0E-77EAEB3762D3}.Release|Any CPU.ActiveCfg = Release|Any CPU
		{53440403-2D08-4E90-8C0E-77EAEB3762D3}.Release|Any CPU.Build.0 = Release|Any CPU
		{2526F0A8-CF18-467F-A9EE-187B6665E037}.Debug|Any CPU.ActiveCfg = Debug|Any CPU
		{2526F0A8-CF18-467F-A9EE-187B6665E037}.Debug|Any CPU.Build.0 = Debug|Any CPU
		{2526F0A8-CF18-467F-A9EE-187B6665E037}.Release|Any CPU.ActiveCfg = Release|Any CPU
		{2526F0A8-CF18-467F-A9EE-187B6665E037}.Release|Any CPU.Build.0 = Release|Any CPU
		{951D3BE1-15B1-4381-A008-975C35A95A31}.Debug|Any CPU.ActiveCfg = Debug|Any CPU
		{951D3BE1-15B1-4381-A008-975C35A95A31}.Debug|Any CPU.Build.0 = Debug|Any CPU
		{951D3BE1-15B1-4381-A008-975C35A95A31}.Release|Any CPU.ActiveCfg = Release|Any CPU
		{951D3BE1-15B1-4381-A008-975C35A95A31}.Release|Any CPU.Build.0 = Release|Any CPU
		{CF7CF26E-103A-4B0B-B464-CA116B89E02B}.Debug|Any CPU.ActiveCfg = Debug|Any CPU
		{CF7CF26E-103A-4B0B-B464-CA116B89E02B}.Debug|Any CPU.Build.0 = Debug|Any CPU
		{CF7CF26E-103A-4B0B-B464-CA116B89E02B}.Release|Any CPU.ActiveCfg = Release|Any CPU
		{CF7CF26E-103A-4B0B-B464-CA116B89E02B}.Release|Any CPU.Build.0 = Release|Any CPU
		{C3541DD2-0FAB-43E4-B483-64AEF7024E41}.Debug|Any CPU.ActiveCfg = Debug|Any CPU
		{C3541DD2-0FAB-43E4-B483-64AEF7024E41}.Debug|Any CPU.Build.0 = Debug|Any CPU
		{C3541DD2-0FAB-43E4-B483-64AEF7024E41}.Release|Any CPU.ActiveCfg = Release|Any CPU
		{C3541DD2-0FAB-43E4-B483-64AEF7024E41}.Release|Any CPU.Build.0 = Release|Any CPU
		{B3808DDE-8B29-429B-926A-6B0573FDC778}.Debug|Any CPU.ActiveCfg = Debug|Any CPU
		{B3808DDE-8B29-429B-926A-6B0573FDC778}.Debug|Any CPU.Build.0 = Debug|Any CPU
		{B3808DDE-8B29-429B-926A-6B0573FDC778}.Release|Any CPU.ActiveCfg = Release|Any CPU
		{B3808DDE-8B29-429B-926A-6B0573FDC778}.Release|Any CPU.Build.0 = Release|Any CPU
		{38D634FA-5D28-42EC-8487-22E954605159}.Debug|Any CPU.ActiveCfg = Debug|Any CPU
		{38D634FA-5D28-42EC-8487-22E954605159}.Debug|Any CPU.Build.0 = Debug|Any CPU
		{38D634FA-5D28-42EC-8487-22E954605159}.Release|Any CPU.ActiveCfg = Release|Any CPU
		{38D634FA-5D28-42EC-8487-22E954605159}.Release|Any CPU.Build.0 = Release|Any CPU
		{B6A687D5-7ACF-4986-84C1-7AD05BB34AE6}.Debug|Any CPU.ActiveCfg = Debug|Any CPU
		{B6A687D5-7ACF-4986-84C1-7AD05BB34AE6}.Debug|Any CPU.Build.0 = Debug|Any CPU
		{B6A687D5-7ACF-4986-84C1-7AD05BB34AE6}.Release|Any CPU.ActiveCfg = Release|Any CPU
		{B6A687D5-7ACF-4986-84C1-7AD05BB34AE6}.Release|Any CPU.Build.0 = Release|Any CPU
		{44963217-1FEA-43EE-A00A-CDC8C3D15C13}.Debug|Any CPU.ActiveCfg = Debug|Any CPU
		{44963217-1FEA-43EE-A00A-CDC8C3D15C13}.Debug|Any CPU.Build.0 = Debug|Any CPU
		{44963217-1FEA-43EE-A00A-CDC8C3D15C13}.Release|Any CPU.ActiveCfg = Release|Any CPU
		{44963217-1FEA-43EE-A00A-CDC8C3D15C13}.Release|Any CPU.Build.0 = Release|Any CPU
		{7A9F68FC-27C8-4E79-A814-8942A1B12076}.Debug|Any CPU.ActiveCfg = Debug|Any CPU
		{7A9F68FC-27C8-4E79-A814-8942A1B12076}.Debug|Any CPU.Build.0 = Debug|Any CPU
		{7A9F68FC-27C8-4E79-A814-8942A1B12076}.Release|Any CPU.ActiveCfg = Release|Any CPU
		{7A9F68FC-27C8-4E79-A814-8942A1B12076}.Release|Any CPU.Build.0 = Release|Any CPU
		{398A69BF-AE39-47A4-83D1-A7660D82B27D}.Debug|Any CPU.ActiveCfg = Debug|Any CPU
		{398A69BF-AE39-47A4-83D1-A7660D82B27D}.Debug|Any CPU.Build.0 = Debug|Any CPU
		{398A69BF-AE39-47A4-83D1-A7660D82B27D}.Release|Any CPU.ActiveCfg = Release|Any CPU
		{398A69BF-AE39-47A4-83D1-A7660D82B27D}.Release|Any CPU.Build.0 = Release|Any CPU
		{E40C72DE-4263-4F1A-8F8B-0A448928682A}.Debug|Any CPU.ActiveCfg = Debug|Any CPU
		{E40C72DE-4263-4F1A-8F8B-0A448928682A}.Debug|Any CPU.Build.0 = Debug|Any CPU
		{E40C72DE-4263-4F1A-8F8B-0A448928682A}.Release|Any CPU.ActiveCfg = Release|Any CPU
		{E40C72DE-4263-4F1A-8F8B-0A448928682A}.Release|Any CPU.Build.0 = Release|Any CPU
		{21D26B80-1E24-469D-968F-D132CC85D5B3}.Debug|Any CPU.ActiveCfg = Debug|Any CPU
		{21D26B80-1E24-469D-968F-D132CC85D5B3}.Debug|Any CPU.Build.0 = Debug|Any CPU
		{21D26B80-1E24-469D-968F-D132CC85D5B3}.Release|Any CPU.ActiveCfg = Release|Any CPU
		{21D26B80-1E24-469D-968F-D132CC85D5B3}.Release|Any CPU.Build.0 = Release|Any CPU
		{95209263-80F7-4513-97B5-8D74EB6168DF}.Debug|Any CPU.ActiveCfg = Release|Any CPU
		{95209263-80F7-4513-97B5-8D74EB6168DF}.Debug|Any CPU.Build.0 = Release|Any CPU
		{95209263-80F7-4513-97B5-8D74EB6168DF}.Release|Any CPU.ActiveCfg = Release|Any CPU
		{95209263-80F7-4513-97B5-8D74EB6168DF}.Release|Any CPU.Build.0 = Release|Any CPU
		{F3B0A73E-9C6F-4978-A22E-5822C63E9698}.Debug|Any CPU.ActiveCfg = Debug|Any CPU
		{F3B0A73E-9C6F-4978-A22E-5822C63E9698}.Debug|Any CPU.Build.0 = Debug|Any CPU
		{F3B0A73E-9C6F-4978-A22E-5822C63E9698}.Release|Any CPU.ActiveCfg = Release|Any CPU
		{F3B0A73E-9C6F-4978-A22E-5822C63E9698}.Release|Any CPU.Build.0 = Release|Any CPU
		{0A15CAD8-0215-4606-BF8A-92468E4C1487}.Debug|Any CPU.ActiveCfg = Debug|Any CPU
		{0A15CAD8-0215-4606-BF8A-92468E4C1487}.Debug|Any CPU.Build.0 = Debug|Any CPU
		{0A15CAD8-0215-4606-BF8A-92468E4C1487}.Release|Any CPU.ActiveCfg = Release|Any CPU
		{0A15CAD8-0215-4606-BF8A-92468E4C1487}.Release|Any CPU.Build.0 = Release|Any CPU
		{5109B398-9683-41C1-A6FC-888C7784203D}.Debug|Any CPU.ActiveCfg = Debug|Any CPU
		{5109B398-9683-41C1-A6FC-888C7784203D}.Debug|Any CPU.Build.0 = Debug|Any CPU
		{5109B398-9683-41C1-A6FC-888C7784203D}.Release|Any CPU.ActiveCfg = Release|Any CPU
		{5109B398-9683-41C1-A6FC-888C7784203D}.Release|Any CPU.Build.0 = Release|Any CPU
		{24C34642-B808-4C21-84F1-AEE44BFCC42A}.Debug|Any CPU.ActiveCfg = Debug|Any CPU
		{24C34642-B808-4C21-84F1-AEE44BFCC42A}.Debug|Any CPU.Build.0 = Debug|Any CPU
		{24C34642-B808-4C21-84F1-AEE44BFCC42A}.Release|Any CPU.ActiveCfg = Release|Any CPU
		{24C34642-B808-4C21-84F1-AEE44BFCC42A}.Release|Any CPU.Build.0 = Release|Any CPU
		{4086E053-A162-4C9C-A2C9-BF5449A3D5DC}.Debug|Any CPU.ActiveCfg = Debug|Any CPU
		{4086E053-A162-4C9C-A2C9-BF5449A3D5DC}.Debug|Any CPU.Build.0 = Debug|Any CPU
		{4086E053-A162-4C9C-A2C9-BF5449A3D5DC}.Release|Any CPU.ActiveCfg = Release|Any CPU
		{4086E053-A162-4C9C-A2C9-BF5449A3D5DC}.Release|Any CPU.Build.0 = Release|Any CPU
		{1E45C629-F947-42F9-B7A6-DCDF482EFD2D}.Debug|Any CPU.ActiveCfg = Debug|Any CPU
		{1E45C629-F947-42F9-B7A6-DCDF482EFD2D}.Debug|Any CPU.Build.0 = Debug|Any CPU
		{1E45C629-F947-42F9-B7A6-DCDF482EFD2D}.Release|Any CPU.ActiveCfg = Release|Any CPU
		{1E45C629-F947-42F9-B7A6-DCDF482EFD2D}.Release|Any CPU.Build.0 = Release|Any CPU
		{8431E6CA-C97D-41BB-9A81-6041E7EE5A48}.Debug|Any CPU.ActiveCfg = Debug|Any CPU
		{8431E6CA-C97D-41BB-9A81-6041E7EE5A48}.Debug|Any CPU.Build.0 = Debug|Any CPU
		{8431E6CA-C97D-41BB-9A81-6041E7EE5A48}.Release|Any CPU.ActiveCfg = Release|Any CPU
		{8431E6CA-C97D-41BB-9A81-6041E7EE5A48}.Release|Any CPU.Build.0 = Release|Any CPU
		{7E4B57A8-EDE0-4CC4-9F78-1DB3599B459C}.Debug|Any CPU.ActiveCfg = Debug|Any CPU
		{7E4B57A8-EDE0-4CC4-9F78-1DB3599B459C}.Debug|Any CPU.Build.0 = Debug|Any CPU
		{7E4B57A8-EDE0-4CC4-9F78-1DB3599B459C}.Release|Any CPU.ActiveCfg = Release|Any CPU
		{7E4B57A8-EDE0-4CC4-9F78-1DB3599B459C}.Release|Any CPU.Build.0 = Release|Any CPU
		{9B282040-2429-44E3-911D-6179E478DF60}.Debug|Any CPU.ActiveCfg = Debug|Any CPU
		{9B282040-2429-44E3-911D-6179E478DF60}.Debug|Any CPU.Build.0 = Debug|Any CPU
		{9B282040-2429-44E3-911D-6179E478DF60}.Release|Any CPU.ActiveCfg = Release|Any CPU
		{9B282040-2429-44E3-911D-6179E478DF60}.Release|Any CPU.Build.0 = Release|Any CPU
		{0DF5FB20-FA53-4129-B04F-EA197F20C16D}.Debug|Any CPU.ActiveCfg = Debug|Any CPU
		{0DF5FB20-FA53-4129-B04F-EA197F20C16D}.Debug|Any CPU.Build.0 = Debug|Any CPU
		{0DF5FB20-FA53-4129-B04F-EA197F20C16D}.Release|Any CPU.ActiveCfg = Release|Any CPU
		{0DF5FB20-FA53-4129-B04F-EA197F20C16D}.Release|Any CPU.Build.0 = Release|Any CPU
		{BFD5AB4C-9092-4CFF-BC0C-F1AF8EE70AA9}.Debug|Any CPU.ActiveCfg = Debug|Any CPU
		{BFD5AB4C-9092-4CFF-BC0C-F1AF8EE70AA9}.Debug|Any CPU.Build.0 = Debug|Any CPU
		{BFD5AB4C-9092-4CFF-BC0C-F1AF8EE70AA9}.Release|Any CPU.ActiveCfg = Release|Any CPU
		{BFD5AB4C-9092-4CFF-BC0C-F1AF8EE70AA9}.Release|Any CPU.Build.0 = Release|Any CPU
		{0B3CC4B2-D21C-4284-9410-1CFBECF86A76}.Debug|Any CPU.ActiveCfg = Debug|Any CPU
		{0B3CC4B2-D21C-4284-9410-1CFBECF86A76}.Debug|Any CPU.Build.0 = Debug|Any CPU
		{0B3CC4B2-D21C-4284-9410-1CFBECF86A76}.Release|Any CPU.ActiveCfg = Release|Any CPU
		{0B3CC4B2-D21C-4284-9410-1CFBECF86A76}.Release|Any CPU.Build.0 = Release|Any CPU
		{EE64B658-4DEB-4213-8E1F-85BC8408E250}.Debug|Any CPU.ActiveCfg = Debug|Any CPU
		{EE64B658-4DEB-4213-8E1F-85BC8408E250}.Debug|Any CPU.Build.0 = Debug|Any CPU
		{EE64B658-4DEB-4213-8E1F-85BC8408E250}.Release|Any CPU.ActiveCfg = Release|Any CPU
		{EE64B658-4DEB-4213-8E1F-85BC8408E250}.Release|Any CPU.Build.0 = Release|Any CPU
		{9A3E760C-881F-4063-AAA7-C3D4147B4DEA}.Debug|Any CPU.ActiveCfg = Debug|Any CPU
		{9A3E760C-881F-4063-AAA7-C3D4147B4DEA}.Debug|Any CPU.Build.0 = Debug|Any CPU
		{9A3E760C-881F-4063-AAA7-C3D4147B4DEA}.Release|Any CPU.ActiveCfg = Release|Any CPU
		{9A3E760C-881F-4063-AAA7-C3D4147B4DEA}.Release|Any CPU.Build.0 = Release|Any CPU
		{3C134D64-655A-4A3F-8927-5297C888B429}.Debug|Any CPU.ActiveCfg = Debug|Any CPU
		{3C134D64-655A-4A3F-8927-5297C888B429}.Debug|Any CPU.Build.0 = Debug|Any CPU
		{3C134D64-655A-4A3F-8927-5297C888B429}.Release|Any CPU.ActiveCfg = Release|Any CPU
		{3C134D64-655A-4A3F-8927-5297C888B429}.Release|Any CPU.Build.0 = Release|Any CPU
		{41CA5B5C-9A49-4A17-9E85-710C74645C7A}.Debug|Any CPU.ActiveCfg = Debug|Any CPU
		{41CA5B5C-9A49-4A17-9E85-710C74645C7A}.Debug|Any CPU.Build.0 = Debug|Any CPU
		{41CA5B5C-9A49-4A17-9E85-710C74645C7A}.Release|Any CPU.ActiveCfg = Release|Any CPU
		{41CA5B5C-9A49-4A17-9E85-710C74645C7A}.Release|Any CPU.Build.0 = Release|Any CPU
		{DDAF1FB4-D085-4252-894F-CB4F7CF3BABD}.Debug|Any CPU.ActiveCfg = Debug|Any CPU
		{DDAF1FB4-D085-4252-894F-CB4F7CF3BABD}.Debug|Any CPU.Build.0 = Debug|Any CPU
		{DDAF1FB4-D085-4252-894F-CB4F7CF3BABD}.Release|Any CPU.ActiveCfg = Release|Any CPU
		{DDAF1FB4-D085-4252-894F-CB4F7CF3BABD}.Release|Any CPU.Build.0 = Release|Any CPU
		{9B41C6ED-F1B9-46AD-987D-FC30FFAF18B5}.Debug|Any CPU.ActiveCfg = Debug|Any CPU
		{9B41C6ED-F1B9-46AD-987D-FC30FFAF18B5}.Debug|Any CPU.Build.0 = Debug|Any CPU
		{9B41C6ED-F1B9-46AD-987D-FC30FFAF18B5}.Release|Any CPU.ActiveCfg = Release|Any CPU
		{9B41C6ED-F1B9-46AD-987D-FC30FFAF18B5}.Release|Any CPU.Build.0 = Release|Any CPU
		{5C0FB4CC-720B-4440-9BE3-5C4020EF4AFE}.Debug|Any CPU.ActiveCfg = Debug|Any CPU
		{5C0FB4CC-720B-4440-9BE3-5C4020EF4AFE}.Debug|Any CPU.Build.0 = Debug|Any CPU
		{5C0FB4CC-720B-4440-9BE3-5C4020EF4AFE}.Release|Any CPU.ActiveCfg = Release|Any CPU
		{5C0FB4CC-720B-4440-9BE3-5C4020EF4AFE}.Release|Any CPU.Build.0 = Release|Any CPU
		{DD6D31B9-1C86-4C56-8437-A49FCC80826D}.Debug|Any CPU.ActiveCfg = Debug|Any CPU
		{DD6D31B9-1C86-4C56-8437-A49FCC80826D}.Debug|Any CPU.Build.0 = Debug|Any CPU
		{DD6D31B9-1C86-4C56-8437-A49FCC80826D}.Release|Any CPU.ActiveCfg = Release|Any CPU
		{DD6D31B9-1C86-4C56-8437-A49FCC80826D}.Release|Any CPU.Build.0 = Release|Any CPU
		{1A1D2887-5B2D-4AD5-9FB7-ED68D6752306}.Debug|Any CPU.ActiveCfg = Debug|Any CPU
		{1A1D2887-5B2D-4AD5-9FB7-ED68D6752306}.Debug|Any CPU.Build.0 = Debug|Any CPU
		{1A1D2887-5B2D-4AD5-9FB7-ED68D6752306}.Release|Any CPU.ActiveCfg = Release|Any CPU
		{1A1D2887-5B2D-4AD5-9FB7-ED68D6752306}.Release|Any CPU.Build.0 = Release|Any CPU
		{1589800B-4EDC-46A2-8A89-EB1B8AD3C78C}.Debug|Any CPU.ActiveCfg = Debug|Any CPU
		{1589800B-4EDC-46A2-8A89-EB1B8AD3C78C}.Debug|Any CPU.Build.0 = Debug|Any CPU
		{1589800B-4EDC-46A2-8A89-EB1B8AD3C78C}.Release|Any CPU.ActiveCfg = Release|Any CPU
		{1589800B-4EDC-46A2-8A89-EB1B8AD3C78C}.Release|Any CPU.Build.0 = Release|Any CPU
		{0C0D90AD-D545-4865-842C-CB8598110060}.Debug|Any CPU.ActiveCfg = Debug|Any CPU
		{0C0D90AD-D545-4865-842C-CB8598110060}.Debug|Any CPU.Build.0 = Debug|Any CPU
		{0C0D90AD-D545-4865-842C-CB8598110060}.Release|Any CPU.ActiveCfg = Release|Any CPU
		{0C0D90AD-D545-4865-842C-CB8598110060}.Release|Any CPU.Build.0 = Release|Any CPU
		{10D389E0-7412-4B8F-ADD9-EC3101A4A391}.Debug|Any CPU.ActiveCfg = Debug|Any CPU
		{10D389E0-7412-4B8F-ADD9-EC3101A4A391}.Debug|Any CPU.Build.0 = Debug|Any CPU
		{10D389E0-7412-4B8F-ADD9-EC3101A4A391}.Release|Any CPU.ActiveCfg = Release|Any CPU
		{10D389E0-7412-4B8F-ADD9-EC3101A4A391}.Release|Any CPU.Build.0 = Release|Any CPU
		{D581767C-CD3E-4BCD-8924-7C6906246E20}.Debug|Any CPU.ActiveCfg = Debug|Any CPU
		{D581767C-CD3E-4BCD-8924-7C6906246E20}.Debug|Any CPU.Build.0 = Debug|Any CPU
		{D581767C-CD3E-4BCD-8924-7C6906246E20}.Release|Any CPU.ActiveCfg = Release|Any CPU
		{D581767C-CD3E-4BCD-8924-7C6906246E20}.Release|Any CPU.Build.0 = Release|Any CPU
		{59954FC4-27D1-43D0-8E35-F20B1EC81608}.Debug|Any CPU.ActiveCfg = Debug|Any CPU
		{59954FC4-27D1-43D0-8E35-F20B1EC81608}.Debug|Any CPU.Build.0 = Debug|Any CPU
		{59954FC4-27D1-43D0-8E35-F20B1EC81608}.Release|Any CPU.ActiveCfg = Release|Any CPU
		{59954FC4-27D1-43D0-8E35-F20B1EC81608}.Release|Any CPU.Build.0 = Release|Any CPU
		{04E86DC4-7D11-479B-9591-E0521D641ECF}.Debug|Any CPU.ActiveCfg = Debug|Any CPU
		{04E86DC4-7D11-479B-9591-E0521D641ECF}.Debug|Any CPU.Build.0 = Debug|Any CPU
		{04E86DC4-7D11-479B-9591-E0521D641ECF}.Release|Any CPU.ActiveCfg = Release|Any CPU
		{04E86DC4-7D11-479B-9591-E0521D641ECF}.Release|Any CPU.Build.0 = Release|Any CPU
		{6B14FABB-1301-4D29-B6E1-59A35F432858}.Debug|Any CPU.ActiveCfg = Debug|Any CPU
		{6B14FABB-1301-4D29-B6E1-59A35F432858}.Debug|Any CPU.Build.0 = Debug|Any CPU
		{6B14FABB-1301-4D29-B6E1-59A35F432858}.Release|Any CPU.ActiveCfg = Release|Any CPU
		{6B14FABB-1301-4D29-B6E1-59A35F432858}.Release|Any CPU.Build.0 = Release|Any CPU
		{E52F1B66-7727-4F7F-9C3D-3DC61C043049}.Debug|Any CPU.ActiveCfg = Debug|Any CPU
		{E52F1B66-7727-4F7F-9C3D-3DC61C043049}.Debug|Any CPU.Build.0 = Debug|Any CPU
		{E52F1B66-7727-4F7F-9C3D-3DC61C043049}.Release|Any CPU.ActiveCfg = Release|Any CPU
		{E52F1B66-7727-4F7F-9C3D-3DC61C043049}.Release|Any CPU.Build.0 = Release|Any CPU
		{CD07D119-F847-4DAC-B2A7-A3DB379954C6}.Debug|Any CPU.ActiveCfg = Debug|Any CPU
		{CD07D119-F847-4DAC-B2A7-A3DB379954C6}.Debug|Any CPU.Build.0 = Debug|Any CPU
		{CD07D119-F847-4DAC-B2A7-A3DB379954C6}.Release|Any CPU.ActiveCfg = Release|Any CPU
		{CD07D119-F847-4DAC-B2A7-A3DB379954C6}.Release|Any CPU.Build.0 = Release|Any CPU
		{3D4FC4D8-2EEB-477D-8D67-8DB6932B2AD7}.Debug|Any CPU.ActiveCfg = Debug|Any CPU
		{3D4FC4D8-2EEB-477D-8D67-8DB6932B2AD7}.Debug|Any CPU.Build.0 = Debug|Any CPU
		{3D4FC4D8-2EEB-477D-8D67-8DB6932B2AD7}.Release|Any CPU.ActiveCfg = Release|Any CPU
		{3D4FC4D8-2EEB-477D-8D67-8DB6932B2AD7}.Release|Any CPU.Build.0 = Release|Any CPU
		{DCF64D3A-397A-4948-AD28-6208630EEF3C}.Debug|Any CPU.ActiveCfg = Debug|Any CPU
		{DCF64D3A-397A-4948-AD28-6208630EEF3C}.Debug|Any CPU.Build.0 = Debug|Any CPU
		{DCF64D3A-397A-4948-AD28-6208630EEF3C}.Release|Any CPU.ActiveCfg = Release|Any CPU
		{DCF64D3A-397A-4948-AD28-6208630EEF3C}.Release|Any CPU.Build.0 = Release|Any CPU
		{DDFF24D4-1ED8-4F78-AEE2-2D5AD00B9723}.Debug|Any CPU.ActiveCfg = Debug|Any CPU
		{DDFF24D4-1ED8-4F78-AEE2-2D5AD00B9723}.Debug|Any CPU.Build.0 = Debug|Any CPU
		{DDFF24D4-1ED8-4F78-AEE2-2D5AD00B9723}.Release|Any CPU.ActiveCfg = Release|Any CPU
		{DDFF24D4-1ED8-4F78-AEE2-2D5AD00B9723}.Release|Any CPU.Build.0 = Release|Any CPU
		{5076B649-2ADB-4401-A3A8-DEA6F2CA2C3D}.Debug|Any CPU.ActiveCfg = Debug|Any CPU
		{5076B649-2ADB-4401-A3A8-DEA6F2CA2C3D}.Debug|Any CPU.Build.0 = Debug|Any CPU
		{5076B649-2ADB-4401-A3A8-DEA6F2CA2C3D}.Release|Any CPU.ActiveCfg = Release|Any CPU
		{5076B649-2ADB-4401-A3A8-DEA6F2CA2C3D}.Release|Any CPU.Build.0 = Release|Any CPU
		{97C80ADE-70B3-451D-819F-F0334BD442BB}.Debug|Any CPU.ActiveCfg = Debug|Any CPU
		{97C80ADE-70B3-451D-819F-F0334BD442BB}.Debug|Any CPU.Build.0 = Debug|Any CPU
		{97C80ADE-70B3-451D-819F-F0334BD442BB}.Release|Any CPU.ActiveCfg = Release|Any CPU
		{97C80ADE-70B3-451D-819F-F0334BD442BB}.Release|Any CPU.Build.0 = Release|Any CPU
		{8304D38B-F4AD-4A13-AFD5-31B7838E3390}.Debug|Any CPU.ActiveCfg = Debug|Any CPU
		{8304D38B-F4AD-4A13-AFD5-31B7838E3390}.Debug|Any CPU.Build.0 = Debug|Any CPU
		{8304D38B-F4AD-4A13-AFD5-31B7838E3390}.Release|Any CPU.ActiveCfg = Release|Any CPU
		{8304D38B-F4AD-4A13-AFD5-31B7838E3390}.Release|Any CPU.Build.0 = Release|Any CPU
		{943E378C-3025-446A-8815-9AD8A2D8C786}.Debug|Any CPU.ActiveCfg = Debug|Any CPU
		{943E378C-3025-446A-8815-9AD8A2D8C786}.Debug|Any CPU.Build.0 = Debug|Any CPU
		{943E378C-3025-446A-8815-9AD8A2D8C786}.Release|Any CPU.ActiveCfg = Release|Any CPU
		{943E378C-3025-446A-8815-9AD8A2D8C786}.Release|Any CPU.Build.0 = Release|Any CPU
		{13B8BE1A-D0E1-4F8C-A393-A1874096CD0C}.Debug|Any CPU.ActiveCfg = Debug|Any CPU
		{13B8BE1A-D0E1-4F8C-A393-A1874096CD0C}.Debug|Any CPU.Build.0 = Debug|Any CPU
		{13B8BE1A-D0E1-4F8C-A393-A1874096CD0C}.Release|Any CPU.ActiveCfg = Release|Any CPU
		{13B8BE1A-D0E1-4F8C-A393-A1874096CD0C}.Release|Any CPU.Build.0 = Release|Any CPU
		{C39D0913-DA96-477F-88F9-E5CDF9ACEF20}.Debug|Any CPU.ActiveCfg = Debug|Any CPU
		{C39D0913-DA96-477F-88F9-E5CDF9ACEF20}.Debug|Any CPU.Build.0 = Debug|Any CPU
		{C39D0913-DA96-477F-88F9-E5CDF9ACEF20}.Release|Any CPU.ActiveCfg = Release|Any CPU
		{C39D0913-DA96-477F-88F9-E5CDF9ACEF20}.Release|Any CPU.Build.0 = Release|Any CPU
		{EE5FBF4F-C35F-47FA-B78A-68D7BB07BC65}.Debug|Any CPU.ActiveCfg = Debug|Any CPU
		{EE5FBF4F-C35F-47FA-B78A-68D7BB07BC65}.Debug|Any CPU.Build.0 = Debug|Any CPU
		{EE5FBF4F-C35F-47FA-B78A-68D7BB07BC65}.Release|Any CPU.ActiveCfg = Release|Any CPU
		{EE5FBF4F-C35F-47FA-B78A-68D7BB07BC65}.Release|Any CPU.Build.0 = Release|Any CPU
		{7853BDF0-8BAB-4EC9-89A5-1C4C5CC1B0CA}.Debug|Any CPU.ActiveCfg = Debug|Any CPU
		{7853BDF0-8BAB-4EC9-89A5-1C4C5CC1B0CA}.Debug|Any CPU.Build.0 = Debug|Any CPU
		{7853BDF0-8BAB-4EC9-89A5-1C4C5CC1B0CA}.Release|Any CPU.ActiveCfg = Release|Any CPU
		{7853BDF0-8BAB-4EC9-89A5-1C4C5CC1B0CA}.Release|Any CPU.Build.0 = Release|Any CPU
	EndGlobalSection
	GlobalSection(SolutionProperties) = preSolution
		HideSolutionNode = FALSE
	EndGlobalSection
	GlobalSection(ExtensibilityGlobals) = postSolution
		SolutionGuid = {728EFAF3-E91C-4F7A-A1AD-BEBE2F07D72F}
	EndGlobalSection
EndGlobal
