
Microsoft Visual Studio Solution File, Format Version 12.00
# Visual Studio 15
VisualStudioVersion = 15.0.28307.329
MinimumVisualStudioVersion = 10.0.40219.1
Project("{9A19103F-16F7-4668-BE54-9A1E7A4F7556}") = "ASPCore_01_VS", "ASPCore_01_VS.csproj", "{BC602A1A-C69D-403D-A80D-8AE5AC5A2E35}"
EndProject
Global
	GlobalSection(SolutionConfigurationPlatforms) = preSolution
		Debug|Any CPU = Debug|Any CPU
		Release|Any CPU = Release|Any CPU
	EndGlobalSection
	GlobalSection(ProjectConfigurationPlatforms) = postSolution
		{BC602A1A-C69D-403D-A80D-8AE5AC5A2E35}.Debug|Any CPU.ActiveCfg = Debug|Any CPU
		{BC602A1A-C69D-403D-A80D-8AE5AC5A2E35}.Debug|Any CPU.Build.0 = Debug|Any CPU
		{BC602A1A-C69D-403D-A80D-8AE5AC5A2E35}.Release|Any CPU.ActiveCfg = Release|Any CPU
		{BC602A1A-C69D-403D-A80D-8AE5AC5A2E35}.Release|Any CPU.Build.0 = Release|Any CPU
	EndGlobalSection
	GlobalSection(SolutionProperties) = preSolution
		HideSolutionNode = FALSE
	EndGlobalSection
	GlobalSection(ExtensibilityGlobals) = postSolution
		SolutionGuid = {B89D7CFB-3366-4DE6-ACD5-79D07FA611C4}
	EndGlobalSection
EndGlobal
